
Microsoft Visual Studio Solution File, Format Version 12.00
# Visual Studio Version 16
VisualStudioVersion = 16.0.29926.136
MinimumVisualStudioVersion = 10.0.40219.1
Project("{9A19103F-16F7-4668-BE54-9A1E7A4F7556}") = "Booth.EventStore", "Booth.EventStore\Booth.EventStore.csproj", "{5E30032C-140F-4071-99BC-89A23B2F655E}"
EndProject
Project("{9A19103F-16F7-4668-BE54-9A1E7A4F7556}") = "Booth.EventStore.Test", "Booth.EventStore.Test\Booth.EventStore.Test.csproj", "{F8404D99-9FC9-4232-A1F3-415495713164}"
EndProject
Project("{2150E333-8FDC-42A3-9474-1A3956D46DE8}") = "Solution Items", "Solution Items", "{5C2D78FF-5F99-4E44-A54A-F9A06BE18986}"
	ProjectSection(SolutionItems) = preProject
		Jenkinsfile = Jenkinsfile
	EndProjectSection
EndProject
Global
	GlobalSection(SolutionConfigurationPlatforms) = preSolution
		Debug|Any CPU = Debug|Any CPU
		Release|Any CPU = Release|Any CPU
	EndGlobalSection
	GlobalSection(ProjectConfigurationPlatforms) = postSolution
		{5E30032C-140F-4071-99BC-89A23B2F655E}.Debug|Any CPU.ActiveCfg = Debug|Any CPU
		{5E30032C-140F-4071-99BC-89A23B2F655E}.Debug|Any CPU.Build.0 = Debug|Any CPU
		{5E30032C-140F-4071-99BC-89A23B2F655E}.Release|Any CPU.ActiveCfg = Release|Any CPU
		{5E30032C-140F-4071-99BC-89A23B2F655E}.Release|Any CPU.Build.0 = Release|Any CPU
		{F8404D99-9FC9-4232-A1F3-415495713164}.Debug|Any CPU.ActiveCfg = Debug|Any CPU
		{F8404D99-9FC9-4232-A1F3-415495713164}.Debug|Any CPU.Build.0 = Debug|Any CPU
		{F8404D99-9FC9-4232-A1F3-415495713164}.Release|Any CPU.ActiveCfg = Release|Any CPU
		{F8404D99-9FC9-4232-A1F3-415495713164}.Release|Any CPU.Build.0 = Release|Any CPU
	EndGlobalSection
	GlobalSection(SolutionProperties) = preSolution
		HideSolutionNode = FALSE
	EndGlobalSection
	GlobalSection(ExtensibilityGlobals) = postSolution
		SolutionGuid = {4B1A4CA7-A00D-4CF4-9E1F-20CAE5F5A4F4}
	EndGlobalSection
EndGlobal
